
Microsoft Visual Studio Solution File, Format Version 12.00
# Visual Studio 2017
Project("{FAE04EC0-301F-11D3-BF4B-00C04F79EFBC}") = "idaten", "idaten.csproj", "{AB25E80D-ADB9-BB18-1F09-E055D1619E8B}"
EndProject
Global
	GlobalSection(SolutionConfigurationPlatforms) = preSolution
		Debug|Any CPU = Debug|Any CPU
		Release|Any CPU = Release|Any CPU
	EndGlobalSection
	GlobalSection(ProjectConfigurationPlatforms) = postSolution
		{AB25E80D-ADB9-BB18-1F09-E055D1619E8B}.Debug|Any CPU.ActiveCfg = Debug|Any CPU
		{AB25E80D-ADB9-BB18-1F09-E055D1619E8B}.Debug|Any CPU.Build.0 = Debug|Any CPU
		{AB25E80D-ADB9-BB18-1F09-E055D1619E8B}.Release|Any CPU.ActiveCfg = Release|Any CPU
		{AB25E80D-ADB9-BB18-1F09-E055D1619E8B}.Release|Any CPU.Build.0 = Release|Any CPU
	EndGlobalSection
	GlobalSection(SolutionProperties) = preSolution
		HideSolutionNode = FALSE
	EndGlobalSection
EndGlobal
